
Microsoft Visual Studio Solution File, Format Version 12.00
# Visual Studio Version 17
VisualStudioVersion = 17.2.32630.192
MinimumVisualStudioVersion = 10.0.40219.1
Project("{FAE04EC0-301F-11D3-BF4B-00C04F79EFBC}") = "patchTuesVisualStudioToXML", "patchTuesVisualStudioToXML\patchTuesVisualStudioToXML.csproj", "{50B9C5F7-EABB-4F5A-863B-BD54764AE1FB}"
EndProject
Global
	GlobalSection(SolutionConfigurationPlatforms) = preSolution
		Debug|Any CPU = Debug|Any CPU
		Release|Any CPU = Release|Any CPU
	EndGlobalSection
	GlobalSection(ProjectConfigurationPlatforms) = postSolution
		{50B9C5F7-EABB-4F5A-863B-BD54764AE1FB}.Debug|Any CPU.ActiveCfg = Debug|Any CPU
		{50B9C5F7-EABB-4F5A-863B-BD54764AE1FB}.Debug|Any CPU.Build.0 = Debug|Any CPU
		{50B9C5F7-EABB-4F5A-863B-BD54764AE1FB}.Release|Any CPU.ActiveCfg = Release|Any CPU
		{50B9C5F7-EABB-4F5A-863B-BD54764AE1FB}.Release|Any CPU.Build.0 = Release|Any CPU
	EndGlobalSection
	GlobalSection(SolutionProperties) = preSolution
		HideSolutionNode = FALSE
	EndGlobalSection
	GlobalSection(ExtensibilityGlobals) = postSolution
		SolutionGuid = {A3C8B6AE-59A2-476B-B2A8-4291B721B36D}
	EndGlobalSection
EndGlobal
